
Microsoft Visual Studio Solution File, Format Version 12.00
# Visual Studio 15
VisualStudioVersion = 15.0.28010.2026
MinimumVisualStudioVersion = 10.0.40219.1
Project("{FAE04EC0-301F-11D3-BF4B-00C04F79EFBC}") = "JapanCandyBoxEShop", "JapanCandyBoxEShop\JapanCandyBoxEShop.csproj", "{3C8DF6FD-CB3B-4991-BFA9-E3B7BDB90024}"
EndProject
Project("{FAE04EC0-301F-11D3-BF4B-00C04F79EFBC}") = "CandyEShopData", "CandyEShopData\CandyEShopData.csproj", "{78913EA3-44AC-49FA-96A0-43843096E770}"
EndProject
Global
	GlobalSection(SolutionConfigurationPlatforms) = preSolution
		Debug|Any CPU = Debug|Any CPU
		Release|Any CPU = Release|Any CPU
	EndGlobalSection
	GlobalSection(ProjectConfigurationPlatforms) = postSolution
		{3C8DF6FD-CB3B-4991-BFA9-E3B7BDB90024}.Debug|Any CPU.ActiveCfg = Debug|Any CPU
		{3C8DF6FD-CB3B-4991-BFA9-E3B7BDB90024}.Debug|Any CPU.Build.0 = Debug|Any CPU
		{3C8DF6FD-CB3B-4991-BFA9-E3B7BDB90024}.Release|Any CPU.ActiveCfg = Release|Any CPU
		{3C8DF6FD-CB3B-4991-BFA9-E3B7BDB90024}.Release|Any CPU.Build.0 = Release|Any CPU
		{78913EA3-44AC-49FA-96A0-43843096E770}.Debug|Any CPU.ActiveCfg = Debug|Any CPU
		{78913EA3-44AC-49FA-96A0-43843096E770}.Debug|Any CPU.Build.0 = Debug|Any CPU
		{78913EA3-44AC-49FA-96A0-43843096E770}.Release|Any CPU.ActiveCfg = Release|Any CPU
		{78913EA3-44AC-49FA-96A0-43843096E770}.Release|Any CPU.Build.0 = Release|Any CPU
	EndGlobalSection
	GlobalSection(SolutionProperties) = preSolution
		HideSolutionNode = FALSE
	EndGlobalSection
	GlobalSection(ExtensibilityGlobals) = postSolution
		SolutionGuid = {E94FAE6E-A7EB-440E-9F6E-01AF004BA257}
	EndGlobalSection
EndGlobal
